// !$*UTF8*$!
{
	archiveVersion = 1;
	classes = {
	};
	objectVersion = 46;
	objects = {

/* Begin PBXBuildFile section */
		7928794B1DEC45B60051409B /* FloatingSpeedWidget.swift in Sources */ = {isa = PBXBuildFile; fileRef = 792879491DEC45B60051409B /* FloatingSpeedWidget.swift */; };
		792879501DEC594E0051409B /* FloatingSpeedWidgetManager.swift in Sources */ = {isa = PBXBuildFile; fileRef = 7928794F1DEC594E0051409B /* FloatingSpeedWidgetManager.swift */; };
		792879521DEC5C310051409B /* DemoViewController.swift in Sources */ = {isa = PBXBuildFile; fileRef = 792879511DEC5C310051409B /* DemoViewController.swift */; };
		79C7F8211DEADFF00057889A /* AppDelegate.swift in Sources */ = {isa = PBXBuildFile; fileRef = 79C7F8201DEADFF00057889A /* AppDelegate.swift */; };
		79C7F8261DEADFF00057889A /* Main.storyboard in Resources */ = {isa = PBXBuildFile; fileRef = 79C7F8241DEADFF00057889A /* Main.storyboard */; };
		79C7F8281DEADFF00057889A /* Assets.xcassets in Resources */ = {isa = PBXBuildFile; fileRef = 79C7F8271DEADFF00057889A /* Assets.xcassets */; };
		79C7F82B1DEADFF00057889A /* LaunchScreen.storyboard in Resources */ = {isa = PBXBuildFile; fileRef = 79C7F8291DEADFF00057889A /* LaunchScreen.storyboard */; };
		79C7F8361DEADFF00057889A /* FloatingSpeedWidgetTests.swift in Sources */ = {isa = PBXBuildFile; fileRef = 79C7F8351DEADFF00057889A /* FloatingSpeedWidgetTests.swift */; };
		85F04044C305C1B04BFEC019 /* Pods_FloatingSpeedWidgetTests.framework in Frameworks */ = {isa = PBXBuildFile; fileRef = FC45F5F357BA669B74611814 /* Pods_FloatingSpeedWidgetTests.framework */; };
		9A94A2F42AEED595AF1A53B1 /* Pods_FloatingSpeedWidget.framework in Frameworks */ = {isa = PBXBuildFile; fileRef = 8786A631B6AD8C12DF3DBD94 /* Pods_FloatingSpeedWidget.framework */; };
/* End PBXBuildFile section */

/* Begin PBXContainerItemProxy section */
		79C7F8321DEADFF00057889A /* PBXContainerItemProxy */ = {
			isa = PBXContainerItemProxy;
			containerPortal = 79C7F8151DEADFF00057889A /* Project object */;
			proxyType = 1;
			remoteGlobalIDString = 79C7F81C1DEADFF00057889A;
			remoteInfo = FloatingSpeedWidget;
		};
/* End PBXContainerItemProxy section */

/* Begin PBXFileReference section */
		7339B35D5A7F843F8AEC96EE /* Pods-FloatingSpeedWidgetTests.release.xcconfig */ = {isa = PBXFileReference; includeInIndex = 1; lastKnownFileType = text.xcconfig; name = "Pods-FloatingSpeedWidgetTests.release.xcconfig"; path = "Pods/Target Support Files/Pods-FloatingSpeedWidgetTests/Pods-FloatingSpeedWidgetTests.release.xcconfig"; sourceTree = "<group>"; };
		792879491DEC45B60051409B /* FloatingSpeedWidget.swift */ = {isa = PBXFileReference; fileEncoding = 4; lastKnownFileType = sourcecode.swift; name = FloatingSpeedWidget.swift; path = Source/FloatingSpeedWidget.swift; sourceTree = SOURCE_ROOT; };
		7928794F1DEC594E0051409B /* FloatingSpeedWidgetManager.swift */ = {isa = PBXFileReference; fileEncoding = 4; lastKnownFileType = sourcecode.swift; name = FloatingSpeedWidgetManager.swift; path = Source/FloatingSpeedWidgetManager.swift; sourceTree = SOURCE_ROOT; };
		792879511DEC5C310051409B /* DemoViewController.swift */ = {isa = PBXFileReference; fileEncoding = 4; lastKnownFileType = sourcecode.swift; path = DemoViewController.swift; sourceTree = "<group>"; };
		79C7F81D1DEADFF00057889A /* FloatingSpeedWidget.app */ = {isa = PBXFileReference; explicitFileType = wrapper.application; includeInIndex = 0; path = FloatingSpeedWidget.app; sourceTree = BUILT_PRODUCTS_DIR; };
		79C7F8201DEADFF00057889A /* AppDelegate.swift */ = {isa = PBXFileReference; lastKnownFileType = sourcecode.swift; path = AppDelegate.swift; sourceTree = "<group>"; };
		79C7F8251DEADFF00057889A /* Base */ = {isa = PBXFileReference; lastKnownFileType = file.storyboard; name = Base; path = Base.lproj/Main.storyboard; sourceTree = "<group>"; };
		79C7F8271DEADFF00057889A /* Assets.xcassets */ = {isa = PBXFileReference; lastKnownFileType = folder.assetcatalog; path = Assets.xcassets; sourceTree = "<group>"; };
		79C7F82A1DEADFF00057889A /* Base */ = {isa = PBXFileReference; lastKnownFileType = file.storyboard; name = Base; path = Base.lproj/LaunchScreen.storyboard; sourceTree = "<group>"; };
		79C7F82C1DEADFF00057889A /* Info.plist */ = {isa = PBXFileReference; lastKnownFileType = text.plist.xml; path = Info.plist; sourceTree = "<group>"; };
		79C7F8311DEADFF00057889A /* FloatingSpeedWidgetTests.xctest */ = {isa = PBXFileReference; explicitFileType = wrapper.cfbundle; includeInIndex = 0; path = FloatingSpeedWidgetTests.xctest; sourceTree = BUILT_PRODUCTS_DIR; };
		79C7F8351DEADFF00057889A /* FloatingSpeedWidgetTests.swift */ = {isa = PBXFileReference; lastKnownFileType = sourcecode.swift; path = FloatingSpeedWidgetTests.swift; sourceTree = "<group>"; };
		79C7F8371DEADFF00057889A /* Info.plist */ = {isa = PBXFileReference; lastKnownFileType = text.plist.xml; path = Info.plist; sourceTree = "<group>"; };
		8786A631B6AD8C12DF3DBD94 /* Pods_FloatingSpeedWidget.framework */ = {isa = PBXFileReference; explicitFileType = wrapper.framework; includeInIndex = 0; path = Pods_FloatingSpeedWidget.framework; sourceTree = BUILT_PRODUCTS_DIR; };
		9AC888D42B1E3057A26BA0B9 /* Pods-FloatingSpeedWidget.debug.xcconfig */ = {isa = PBXFileReference; includeInIndex = 1; lastKnownFileType = text.xcconfig; name = "Pods-FloatingSpeedWidget.debug.xcconfig"; path = "Pods/Target Support Files/Pods-FloatingSpeedWidget/Pods-FloatingSpeedWidget.debug.xcconfig"; sourceTree = "<group>"; };
		C33CF3CD3A48D880DCDE695D /* Pods-FloatingSpeedWidget.release.xcconfig */ = {isa = PBXFileReference; includeInIndex = 1; lastKnownFileType = text.xcconfig; name = "Pods-FloatingSpeedWidget.release.xcconfig"; path = "Pods/Target Support Files/Pods-FloatingSpeedWidget/Pods-FloatingSpeedWidget.release.xcconfig"; sourceTree = "<group>"; };
		DEDE1BE978BE0BD0F92BAA0C /* Pods-FloatingSpeedWidgetTests.debug.xcconfig */ = {isa = PBXFileReference; includeInIndex = 1; lastKnownFileType = text.xcconfig; name = "Pods-FloatingSpeedWidgetTests.debug.xcconfig"; path = "Pods/Target Support Files/Pods-FloatingSpeedWidgetTests/Pods-FloatingSpeedWidgetTests.debug.xcconfig"; sourceTree = "<group>"; };
		FC45F5F357BA669B74611814 /* Pods_FloatingSpeedWidgetTests.framework */ = {isa = PBXFileReference; explicitFileType = wrapper.framework; includeInIndex = 0; path = Pods_FloatingSpeedWidgetTests.framework; sourceTree = BUILT_PRODUCTS_DIR; };
/* End PBXFileReference section */

/* Begin PBXFrameworksBuildPhase section */
		79C7F81A1DEADFF00057889A /* Frameworks */ = {
			isa = PBXFrameworksBuildPhase;
			buildActionMask = 2147483647;
			files = (
				9A94A2F42AEED595AF1A53B1 /* Pods_FloatingSpeedWidget.framework in Frameworks */,
			);
			runOnlyForDeploymentPostprocessing = 0;
		};
		79C7F82E1DEADFF00057889A /* Frameworks */ = {
			isa = PBXFrameworksBuildPhase;
			buildActionMask = 2147483647;
			files = (
				85F04044C305C1B04BFEC019 /* Pods_FloatingSpeedWidgetTests.framework in Frameworks */,
			);
			runOnlyForDeploymentPostprocessing = 0;
		};
/* End PBXFrameworksBuildPhase section */

/* Begin PBXGroup section */
		5686AC28569C738FDFC2A67E /* Pods */ = {
			isa = PBXGroup;
			children = (
				9AC888D42B1E3057A26BA0B9 /* Pods-FloatingSpeedWidget.debug.xcconfig */,
				C33CF3CD3A48D880DCDE695D /* Pods-FloatingSpeedWidget.release.xcconfig */,
				DEDE1BE978BE0BD0F92BAA0C /* Pods-FloatingSpeedWidgetTests.debug.xcconfig */,
				7339B35D5A7F843F8AEC96EE /* Pods-FloatingSpeedWidgetTests.release.xcconfig */,
			);
			name = Pods;
			sourceTree = "<group>";
		};
		79C7F8141DEADFF00057889A = {
			isa = PBXGroup;
			children = (
				79C7F81F1DEADFF00057889A /* FloatingSpeedWidget */,
				79C7F8341DEADFF00057889A /* FloatingSpeedWidgetTests */,
				79C7F81E1DEADFF00057889A /* Products */,
				5686AC28569C738FDFC2A67E /* Pods */,
				DAA5E9BB715BD2CAC3830ABD /* Frameworks */,
			);
			sourceTree = "<group>";
		};
		79C7F81E1DEADFF00057889A /* Products */ = {
			isa = PBXGroup;
			children = (
				79C7F81D1DEADFF00057889A /* FloatingSpeedWidget.app */,
				79C7F8311DEADFF00057889A /* FloatingSpeedWidgetTests.xctest */,
			);
			name = Products;
			sourceTree = "<group>";
		};
		79C7F81F1DEADFF00057889A /* FloatingSpeedWidget */ = {
			isa = PBXGroup;
			children = (
				792879511DEC5C310051409B /* DemoViewController.swift */,
				79C7F8411DEAE01D0057889A /* Source */,
				79C7F8401DEADFF80057889A /* Resources */,
			);
			path = FloatingSpeedWidget;
			sourceTree = "<group>";
		};
		79C7F8341DEADFF00057889A /* FloatingSpeedWidgetTests */ = {
			isa = PBXGroup;
			children = (
				79C7F8351DEADFF00057889A /* FloatingSpeedWidgetTests.swift */,
				79C7F8371DEADFF00057889A /* Info.plist */,
			);
			path = FloatingSpeedWidgetTests;
			sourceTree = "<group>";
		};
		79C7F8401DEADFF80057889A /* Resources */ = {
			isa = PBXGroup;
			children = (
				79C7F8241DEADFF00057889A /* Main.storyboard */,
				79C7F8201DEADFF00057889A /* AppDelegate.swift */,
				79C7F8271DEADFF00057889A /* Assets.xcassets */,
				79C7F8291DEADFF00057889A /* LaunchScreen.storyboard */,
				79C7F82C1DEADFF00057889A /* Info.plist */,
			);
			name = Resources;
			sourceTree = "<group>";
		};
		79C7F8411DEAE01D0057889A /* Source */ = {
			isa = PBXGroup;
			children = (
				792879491DEC45B60051409B /* FloatingSpeedWidget.swift */,
				7928794F1DEC594E0051409B /* FloatingSpeedWidgetManager.swift */,
			);
			name = Source;
			sourceTree = "<group>";
		};
		DAA5E9BB715BD2CAC3830ABD /* Frameworks */ = {
			isa = PBXGroup;
			children = (
				8786A631B6AD8C12DF3DBD94 /* Pods_FloatingSpeedWidget.framework */,
				FC45F5F357BA669B74611814 /* Pods_FloatingSpeedWidgetTests.framework */,
			);
			name = Frameworks;
			sourceTree = "<group>";
		};
/* End PBXGroup section */

/* Begin PBXNativeTarget section */
		79C7F81C1DEADFF00057889A /* FloatingSpeedWidget */ = {
			isa = PBXNativeTarget;
			buildConfigurationList = 79C7F83A1DEADFF00057889A /* Build configuration list for PBXNativeTarget "FloatingSpeedWidget" */;
			buildPhases = (
				9B2BB0711D380A6BE2FAF296 /* [CP] Check Pods Manifest.lock */,
				79C7F8191DEADFF00057889A /* Sources */,
				79C7F81A1DEADFF00057889A /* Frameworks */,
				79C7F81B1DEADFF00057889A /* Resources */,
				EF5170E2AD7B6C7DB0F98148 /* [CP] Embed Pods Frameworks */,
				F9EFAB8D53123B4E2B623F8B /* [CP] Copy Pods Resources */,
			);
			buildRules = (
			);
			dependencies = (
			);
			name = FloatingSpeedWidget;
			productName = FloatingSpeedWidget;
			productReference = 79C7F81D1DEADFF00057889A /* FloatingSpeedWidget.app */;
			productType = "com.apple.product-type.application";
		};
		79C7F8301DEADFF00057889A /* FloatingSpeedWidgetTests */ = {
			isa = PBXNativeTarget;
			buildConfigurationList = 79C7F83D1DEADFF00057889A /* Build configuration list for PBXNativeTarget "FloatingSpeedWidgetTests" */;
			buildPhases = (
				352540B3EB068BA75415352F /* [CP] Check Pods Manifest.lock */,
				79C7F82D1DEADFF00057889A /* Sources */,
				79C7F82E1DEADFF00057889A /* Frameworks */,
				79C7F82F1DEADFF00057889A /* Resources */,
				D2992252BC920C57DCF57B47 /* [CP] Embed Pods Frameworks */,
				F151B39B460D56084AF13876 /* [CP] Copy Pods Resources */,
			);
			buildRules = (
			);
			dependencies = (
				79C7F8331DEADFF00057889A /* PBXTargetDependency */,
			);
			name = FloatingSpeedWidgetTests;
			productName = FloatingSpeedWidgetTests;
			productReference = 79C7F8311DEADFF00057889A /* FloatingSpeedWidgetTests.xctest */;
			productType = "com.apple.product-type.bundle.unit-test";
		};
/* End PBXNativeTarget section */

/* Begin PBXProject section */
		79C7F8151DEADFF00057889A /* Project object */ = {
			isa = PBXProject;
			attributes = {
				LastSwiftUpdateCheck = 0810;
				LastUpgradeCheck = 0810;
				ORGANIZATIONNAME = "Or Elmaliah";
				TargetAttributes = {
					79C7F81C1DEADFF00057889A = {
						CreatedOnToolsVersion = 8.1;
						DevelopmentTeam = C89H6694JA;
						ProvisioningStyle = Automatic;
					};
					79C7F8301DEADFF00057889A = {
						CreatedOnToolsVersion = 8.1;
						ProvisioningStyle = Automatic;
						TestTargetID = 79C7F81C1DEADFF00057889A;
					};
				};
			};
			buildConfigurationList = 79C7F8181DEADFF00057889A /* Build configuration list for PBXProject "FloatingSpeedWidget" */;
			compatibilityVersion = "Xcode 3.2";
			developmentRegion = English;
			hasScannedForEncodings = 0;
			knownRegions = (
				en,
				Base,
			);
			mainGroup = 79C7F8141DEADFF00057889A;
			productRefGroup = 79C7F81E1DEADFF00057889A /* Products */;
			projectDirPath = "";
			projectRoot = "";
			targets = (
				79C7F81C1DEADFF00057889A /* FloatingSpeedWidget */,
				79C7F8301DEADFF00057889A /* FloatingSpeedWidgetTests */,
			);
		};
/* End PBXProject section */

/* Begin PBXResourcesBuildPhase section */
		79C7F81B1DEADFF00057889A /* Resources */ = {
			isa = PBXResourcesBuildPhase;
			buildActionMask = 2147483647;
			files = (
				79C7F82B1DEADFF00057889A /* LaunchScreen.storyboard in Resources */,
				79C7F8281DEADFF00057889A /* Assets.xcassets in Resources */,
				79C7F8261DEADFF00057889A /* Main.storyboard in Resources */,
			);
			runOnlyForDeploymentPostprocessing = 0;
		};
		79C7F82F1DEADFF00057889A /* Resources */ = {
			isa = PBXResourcesBuildPhase;
			buildActionMask = 2147483647;
			files = (
			);
			runOnlyForDeploymentPostprocessing = 0;
		};
/* End PBXResourcesBuildPhase section */

/* Begin PBXShellScriptBuildPhase section */
		352540B3EB068BA75415352F /* [CP] Check Pods Manifest.lock */ = {
			isa = PBXShellScriptBuildPhase;
			buildActionMask = 2147483647;
			files = (
			);
			inputPaths = (
			);
			name = "[CP] Check Pods Manifest.lock";
			outputPaths = (
			);
			runOnlyForDeploymentPostprocessing = 0;
			shellPath = /bin/sh;
			shellScript = "diff \"${PODS_ROOT}/../Podfile.lock\" \"${PODS_ROOT}/Manifest.lock\" > /dev/null\nif [ $? != 0 ] ; then\n    # print error to STDERR\n    echo \"error: The sandbox is not in sync with the Podfile.lock. Run 'pod install' or update your CocoaPods installation.\" >&2\n    exit 1\nfi\n";
			showEnvVarsInLog = 0;
		};
		9B2BB0711D380A6BE2FAF296 /* [CP] Check Pods Manifest.lock */ = {
			isa = PBXShellScriptBuildPhase;
			buildActionMask = 2147483647;
			files = (
			);
			inputPaths = (
			);
			name = "[CP] Check Pods Manifest.lock";
			outputPaths = (
			);
			runOnlyForDeploymentPostprocessing = 0;
			shellPath = /bin/sh;
			shellScript = "diff \"${PODS_ROOT}/../Podfile.lock\" \"${PODS_ROOT}/Manifest.lock\" > /dev/null\nif [ $? != 0 ] ; then\n    # print error to STDERR\n    echo \"error: The sandbox is not in sync with the Podfile.lock. Run 'pod install' or update your CocoaPods installation.\" >&2\n    exit 1\nfi\n";
			showEnvVarsInLog = 0;
		};
		D2992252BC920C57DCF57B47 /* [CP] Embed Pods Frameworks */ = {
			isa = PBXShellScriptBuildPhase;
			buildActionMask = 2147483647;
			files = (
			);
			inputPaths = (
			);
			name = "[CP] Embed Pods Frameworks";
			outputPaths = (
			);
			runOnlyForDeploymentPostprocessing = 0;
			shellPath = /bin/sh;
			shellScript = "\"${SRCROOT}/Pods/Target Support Files/Pods-FloatingSpeedWidgetTests/Pods-FloatingSpeedWidgetTests-frameworks.sh\"\n";
			showEnvVarsInLog = 0;
		};
		EF5170E2AD7B6C7DB0F98148 /* [CP] Embed Pods Frameworks */ = {
			isa = PBXShellScriptBuildPhase;
			buildActionMask = 2147483647;
			files = (
			);
			inputPaths = (
			);
			name = "[CP] Embed Pods Frameworks";
			outputPaths = (
			);
			runOnlyForDeploymentPostprocessing = 0;
			shellPath = /bin/sh;
			shellScript = "\"${SRCROOT}/Pods/Target Support Files/Pods-FloatingSpeedWidget/Pods-FloatingSpeedWidget-frameworks.sh\"\n";
			showEnvVarsInLog = 0;
		};
		F151B39B460D56084AF13876 /* [CP] Copy Pods Resources */ = {
			isa = PBXShellScriptBuildPhase;
			buildActionMask = 2147483647;
			files = (
			);
			inputPaths = (
			);
			name = "[CP] Copy Pods Resources";
			outputPaths = (
			);
			runOnlyForDeploymentPostprocessing = 0;
			shellPath = /bin/sh;
			shellScript = "\"${SRCROOT}/Pods/Target Support Files/Pods-FloatingSpeedWidgetTests/Pods-FloatingSpeedWidgetTests-resources.sh\"\n";
			showEnvVarsInLog = 0;
		};
		F9EFAB8D53123B4E2B623F8B /* [CP] Copy Pods Resources */ = {
			isa = PBXShellScriptBuildPhase;
			buildActionMask = 2147483647;
			files = (
			);
			inputPaths = (
			);
			name = "[CP] Copy Pods Resources";
			outputPaths = (
			);
			runOnlyForDeploymentPostprocessing = 0;
			shellPath = /bin/sh;
			shellScript = "\"${SRCROOT}/Pods/Target Support Files/Pods-FloatingSpeedWidget/Pods-FloatingSpeedWidget-resources.sh\"\n";
			showEnvVarsInLog = 0;
		};
/* End PBXShellScriptBuildPhase section */

/* Begin PBXSourcesBuildPhase section */
		79C7F8191DEADFF00057889A /* Sources */ = {
			isa = PBXSourcesBuildPhase;
			buildActionMask = 2147483647;
			files = (
				7928794B1DEC45B60051409B /* FloatingSpeedWidget.swift in Sources */,
				792879501DEC594E0051409B /* FloatingSpeedWidgetManager.swift in Sources */,
				79C7F8211DEADFF00057889A /* AppDelegate.swift in Sources */,
				792879521DEC5C310051409B /* DemoViewController.swift in Sources */,
			);
			runOnlyForDeploymentPostprocessing = 0;
		};
		79C7F82D1DEADFF00057889A /* Sources */ = {
			isa = PBXSourcesBuildPhase;
			buildActionMask = 2147483647;
			files = (
				79C7F8361DEADFF00057889A /* FloatingSpeedWidgetTests.swift in Sources */,
			);
			runOnlyForDeploymentPostprocessing = 0;
		};
/* End PBXSourcesBuildPhase section */

/* Begin PBXTargetDependency section */
		79C7F8331DEADFF00057889A /* PBXTargetDependency */ = {
			isa = PBXTargetDependency;
			target = 79C7F81C1DEADFF00057889A /* FloatingSpeedWidget */;
			targetProxy = 79C7F8321DEADFF00057889A /* PBXContainerItemProxy */;
		};
/* End PBXTargetDependency section */

/* Begin PBXVariantGroup section */
		79C7F8241DEADFF00057889A /* Main.storyboard */ = {
			isa = PBXVariantGroup;
			children = (
				79C7F8251DEADFF00057889A /* Base */,
			);
			name = Main.storyboard;
			sourceTree = "<group>";
		};
		79C7F8291DEADFF00057889A /* LaunchScreen.storyboard */ = {
			isa = PBXVariantGroup;
			children = (
				79C7F82A1DEADFF00057889A /* Base */,
			);
			name = LaunchScreen.storyboard;
			sourceTree = "<group>";
		};
/* End PBXVariantGroup section */

/* Begin XCBuildConfiguration section */
		79C7F8381DEADFF00057889A /* Debug */ = {
			isa = XCBuildConfiguration;
			buildSettings = {
				ALWAYS_SEARCH_USER_PATHS = NO;
				CLANG_ANALYZER_NONNULL = YES;
				CLANG_CXX_LANGUAGE_STANDARD = "gnu++0x";
				CLANG_CXX_LIBRARY = "libc++";
				CLANG_ENABLE_MODULES = YES;
				CLANG_ENABLE_OBJC_ARC = YES;
				CLANG_WARN_BOOL_CONVERSION = YES;
				CLANG_WARN_CONSTANT_CONVERSION = YES;
				CLANG_WARN_DIRECT_OBJC_ISA_USAGE = YES_ERROR;
				CLANG_WARN_DOCUMENTATION_COMMENTS = YES;
				CLANG_WARN_EMPTY_BODY = YES;
				CLANG_WARN_ENUM_CONVERSION = YES;
				CLANG_WARN_INFINITE_RECURSION = YES;
				CLANG_WARN_INT_CONVERSION = YES;
				CLANG_WARN_OBJC_ROOT_CLASS = YES_ERROR;
				CLANG_WARN_SUSPICIOUS_MOVE = YES;
				CLANG_WARN_SUSPICIOUS_MOVES = YES;
				CLANG_WARN_UNREACHABLE_CODE = YES;
				CLANG_WARN__DUPLICATE_METHOD_MATCH = YES;
				"CODE_SIGN_IDENTITY[sdk=iphoneos*]" = "iPhone Developer";
				COPY_PHASE_STRIP = NO;
				DEBUG_INFORMATION_FORMAT = dwarf;
				ENABLE_STRICT_OBJC_MSGSEND = YES;
				ENABLE_TESTABILITY = YES;
				GCC_C_LANGUAGE_STANDARD = gnu99;
				GCC_DYNAMIC_NO_PIC = NO;
				GCC_NO_COMMON_BLOCKS = YES;
				GCC_OPTIMIZATION_LEVEL = 0;
				GCC_PREPROCESSOR_DEFINITIONS = (
					"DEBUG=1",
					"$(inherited)",
				);
				GCC_WARN_64_TO_32_BIT_CONVERSION = YES;
				GCC_WARN_ABOUT_RETURN_TYPE = YES_ERROR;
				GCC_WARN_UNDECLARED_SELECTOR = YES;
				GCC_WARN_UNINITIALIZED_AUTOS = YES_AGGRESSIVE;
				GCC_WARN_UNUSED_FUNCTION = YES;
				GCC_WARN_UNUSED_VARIABLE = YES;
				IPHONEOS_DEPLOYMENT_TARGET = 10.1;
				MTL_ENABLE_DEBUG_INFO = YES;
				ONLY_ACTIVE_ARCH = YES;
				SDKROOT = iphoneos;
				SWIFT_ACTIVE_COMPILATION_CONDITIONS = DEBUG;
				SWIFT_OPTIMIZATION_LEVEL = "-Onone";
			};
			name = Debug;
		};
		79C7F8391DEADFF00057889A /* Release */ = {
			isa = XCBuildConfiguration;
			buildSettings = {
				ALWAYS_SEARCH_USER_PATHS = NO;
				CLANG_ANALYZER_NONNULL = YES;
				CLANG_CXX_LANGUAGE_STANDARD = "gnu++0x";
				CLANG_CXX_LIBRARY = "libc++";
				CLANG_ENABLE_MODULES = YES;
				CLANG_ENABLE_OBJC_ARC = YES;
				CLANG_WARN_BOOL_CONVERSION = YES;
				CLANG_WARN_CONSTANT_CONVERSION = YES;
				CLANG_WARN_DIRECT_OBJC_ISA_USAGE = YES_ERROR;
				CLANG_WARN_DOCUMENTATION_COMMENTS = YES;
				CLANG_WARN_EMPTY_BODY = YES;
				CLANG_WARN_ENUM_CONVERSION = YES;
				CLANG_WARN_INFINITE_RECURSION = YES;
				CLANG_WARN_INT_CONVERSION = YES;
				CLANG_WARN_OBJC_ROOT_CLASS = YES_ERROR;
				CLANG_WARN_SUSPICIOUS_MOVE = YES;
				CLANG_WARN_SUSPICIOUS_MOVES = YES;
				CLANG_WARN_UNREACHABLE_CODE = YES;
				CLANG_WARN__DUPLICATE_METHOD_MATCH = YES;
				"CODE_SIGN_IDENTITY[sdk=iphoneos*]" = "iPhone Developer";
				COPY_PHASE_STRIP = NO;
				DEBUG_INFORMATION_FORMAT = "dwarf-with-dsym";
				ENABLE_NS_ASSERTIONS = NO;
				ENABLE_STRICT_OBJC_MSGSEND = YES;
				GCC_C_LANGUAGE_STANDARD = gnu99;
				GCC_NO_COMMON_BLOCKS = YES;
				GCC_WARN_64_TO_32_BIT_CONVERSION = YES;
				GCC_WARN_ABOUT_RETURN_TYPE = YES_ERROR;
				GCC_WARN_UNDECLARED_SELECTOR = YES;
				GCC_WARN_UNINITIALIZED_AUTOS = YES_AGGRESSIVE;
				GCC_WARN_UNUSED_FUNCTION = YES;
				GCC_WARN_UNUSED_VARIABLE = YES;
				IPHONEOS_DEPLOYMENT_TARGET = 10.1;
				MTL_ENABLE_DEBUG_INFO = NO;
				SDKROOT = iphoneos;
				SWIFT_OPTIMIZATION_LEVEL = "-Owholemodule";
				VALIDATE_PRODUCT = YES;
			};
			name = Release;
		};
		79C7F83B1DEADFF00057889A /* Debug */ = {
			isa = XCBuildConfiguration;
			baseConfigurationReference = 9AC888D42B1E3057A26BA0B9 /* Pods-FloatingSpeedWidget.debug.xcconfig */;
			buildSettings = {
				ASSETCATALOG_COMPILER_APPICON_NAME = AppIcon;
				DEVELOPMENT_TEAM = C89H6694JA;
				INFOPLIST_FILE = FloatingSpeedWidget/Info.plist;
				IPHONEOS_DEPLOYMENT_TARGET = 8.0;
				LD_RUNPATH_SEARCH_PATHS = "$(inherited) @executable_path/Frameworks";
				PRODUCT_BUNDLE_IDENTIFIER = com.orelmaliah.FloatingSpeedWidget;
				PRODUCT_NAME = "$(TARGET_NAME)";
				SWIFT_VERSION = 3.0;
			};
			name = Debug;
		};
		79C7F83C1DEADFF00057889A /* Release */ = {
			isa = XCBuildConfiguration;
			baseConfigurationReference = C33CF3CD3A48D880DCDE695D /* Pods-FloatingSpeedWidget.release.xcconfig */;
			buildSettings = {
				ASSETCATALOG_COMPILER_APPICON_NAME = AppIcon;
				DEVELOPMENT_TEAM = C89H6694JA;
				INFOPLIST_FILE = FloatingSpeedWidget/Info.plist;
				IPHONEOS_DEPLOYMENT_TARGET = 8.0;
				LD_RUNPATH_SEARCH_PATHS = "$(inherited) @executable_path/Frameworks";
				PRODUCT_BUNDLE_IDENTIFIER = com.orelmaliah.FloatingSpeedWidget;
				PRODUCT_NAME = "$(TARGET_NAME)";
				SWIFT_VERSION = 3.0;
			};
			name = Release;
		};
		79C7F83E1DEADFF00057889A /* Debug */ = {
			isa = XCBuildConfiguration;
			baseConfigurationReference = DEDE1BE978BE0BD0F92BAA0C /* Pods-FloatingSpeedWidgetTests.debug.xcconfig */;
			buildSettings = {
				ALWAYS_EMBED_SWIFT_STANDARD_LIBRARIES = YES;
				BUNDLE_LOADER = "$(TEST_HOST)";
				INFOPLIST_FILE = FloatingSpeedWidgetTests/Info.plist;
				LD_RUNPATH_SEARCH_PATHS = "$(inherited) @executable_path/Frameworks @loader_path/Frameworks";
				PRODUCT_BUNDLE_IDENTIFIER = com.orelmaliah.FloatingSpeedWidgetTests;
				PRODUCT_NAME = "$(TARGET_NAME)";
				SWIFT_VERSION = 3.0;
				TEST_HOST = "$(BUILT_PRODUCTS_DIR)/FloatingSpeedWidget.app/FloatingSpeedWidget";
			};
			name = Debug;
		};
		79C7F83F1DEADFF00057889A /* Release */ = {
			isa = XCBuildConfiguration;
			baseConfigurationReference = 7339B35D5A7F843F8AEC96EE /* Pods-FloatingSpeedWidgetTests.release.xcconfig */;
			buildSettings = {
				ALWAYS_EMBED_SWIFT_STANDARD_LIBRARIES = YES;
				BUNDLE_LOADER = "$(TEST_HOST)";
				INFOPLIST_FILE = FloatingSpeedWidgetTests/Info.plist;
				LD_RUNPATH_SEARCH_PATHS = "$(inherited) @executable_path/Frameworks @loader_path/Frameworks";
				PRODUCT_BUNDLE_IDENTIFIER = com.orelmaliah.FloatingSpeedWidgetTests;
				PRODUCT_NAME = "$(TARGET_NAME)";
				SWIFT_VERSION = 3.0;
				TEST_HOST = "$(BUILT_PRODUCTS_DIR)/FloatingSpeedWidget.app/FloatingSpeedWidget";
			};
			name = Release;
		};
/* End XCBuildConfiguration section */

/* Begin XCConfigurationList section */
		79C7F8181DEADFF00057889A /* Build configuration list for PBXProject "FloatingSpeedWidget" */ = {
			isa = XCConfigurationList;
			buildConfigurations = (
				79C7F8381DEADFF00057889A /* Debug */,
				79C7F8391DEADFF00057889A /* Release */,
			);
			defaultConfigurationIsVisible = 0;
			defaultConfigurationName = Release;
		};
		79C7F83A1DEADFF00057889A /* Build configuration list for PBXNativeTarget "FloatingSpeedWidget" */ = {
			isa = XCConfigurationList;
			buildConfigurations = (
				79C7F83B1DEADFF00057889A /* Debug */,
				79C7F83C1DEADFF00057889A /* Release */,
			);
			defaultConfigurationIsVisible = 0;
			defaultConfigurationName = Release;
		};
		79C7F83D1DEADFF00057889A /* Build configuration list for PBXNativeTarget "FloatingSpeedWidgetTests" */ = {
			isa = XCConfigurationList;
			buildConfigurations = (
				79C7F83E1DEADFF00057889A /* Debug */,
				79C7F83F1DEADFF00057889A /* Release */,
			);
			defaultConfigurationIsVisible = 0;
			defaultConfigurationName = Release;
		};
/* End XCConfigurationList section */
	};
	rootObject = 79C7F8151DEADFF00057889A /* Project object */;
}
